
Microsoft Visual Studio Solution File, Format Version 12.00
# Visual Studio Version 17
VisualStudioVersion = 17.3.32825.248
MinimumVisualStudioVersion = 10.0.40219.1
Project("{FAE04EC0-301F-11D3-BF4B-00C04F79EFBC}") = "Plugin.WebApplication1", "Plugin.WebApplication1\Plugin.WebApplication1.csproj", "{B1591A14-C6DC-4170-B158-DE10A55E075F}"
EndProject
Global
	GlobalSection(SolutionConfigurationPlatforms) = preSolution
		Debug|Any CPU = Debug|Any CPU
		Release|Any CPU = Release|Any CPU
	EndGlobalSection
	GlobalSection(ProjectConfigurationPlatforms) = postSolution
		{B1591A14-C6DC-4170-B158-DE10A55E075F}.Debug|Any CPU.ActiveCfg = Debug|Any CPU
		{B1591A14-C6DC-4170-B158-DE10A55E075F}.Debug|Any CPU.Build.0 = Debug|Any CPU
		{B1591A14-C6DC-4170-B158-DE10A55E075F}.Release|Any CPU.ActiveCfg = Release|Any CPU
		{B1591A14-C6DC-4170-B158-DE10A55E075F}.Release|Any CPU.Build.0 = Release|Any CPU
	EndGlobalSection
	GlobalSection(SolutionProperties) = preSolution
		HideSolutionNode = FALSE
	EndGlobalSection
	GlobalSection(ExtensibilityGlobals) = postSolution
		SolutionGuid = {F5703223-47E7-47B1-A201-B83E032E788A}
	EndGlobalSection
EndGlobal
